
Microsoft Visual Studio Solution File, Format Version 12.00
# Visual Studio 14
VisualStudioVersion = 14.0.25420.1
MinimumVisualStudioVersion = 10.0.40219.1
Project("{FAE04EC0-301F-11D3-BF4B-00C04F79EFBC}") = "Scouting mk2", "Scouting mk2\Scouting mk2.csproj", "{7331FF34-7FFA-4485-B0DE-B7466AF823FC}"
EndProject
Global
	GlobalSection(SolutionConfigurationPlatforms) = preSolution
		Debug|Any CPU = Debug|Any CPU
		Release|Any CPU = Release|Any CPU
	EndGlobalSection
	GlobalSection(ProjectConfigurationPlatforms) = postSolution
		{7331FF34-7FFA-4485-B0DE-B7466AF823FC}.Debug|Any CPU.ActiveCfg = Debug|Any CPU
		{7331FF34-7FFA-4485-B0DE-B7466AF823FC}.Debug|Any CPU.Build.0 = Debug|Any CPU
		{7331FF34-7FFA-4485-B0DE-B7466AF823FC}.Release|Any CPU.ActiveCfg = Release|Any CPU
		{7331FF34-7FFA-4485-B0DE-B7466AF823FC}.Release|Any CPU.Build.0 = Release|Any CPU
		{7331FF34-7FFA-4485-B0DE-B7466AF823FC}.Release|Any CPU.Deploy.0 = Release|Any CPU
	EndGlobalSection
	GlobalSection(SolutionProperties) = preSolution
		HideSolutionNode = FALSE
	EndGlobalSection
EndGlobal
